
Microsoft Visual Studio Solution File, Format Version 12.00
# Visual Studio Version 17
VisualStudioVersion = 17.6.33829.357
MinimumVisualStudioVersion = 10.0.40219.1
Project("{2150E333-8FDC-42A3-9474-1A3956D46DE8}") = "Documents", "Documents", "{C062E04B-4BEF-4202-84FB-A1537B48F497}"
	ProjectSection(SolutionItems) = preProject
		.gitignore = .gitignore
		README.md = README.md
	EndProjectSection
EndProject
Project("{2150E333-8FDC-42A3-9474-1A3956D46DE8}") = "Enterspeed.Source.Contentstack.CMS", "Enterspeed.Source.Contentstack.CMS", "{86264579-B078-406F-8509-6CBD3D99B460}"
EndProject
Project("{9A19103F-16F7-4668-BE54-9A1E7A4F7556}") = "Enterspeed.Source.Contentstack.CMS", "src\Enterspeed.Source.Contentstack.CMS\Enterspeed.Source.Contentstack.CMS.csproj", "{5BE943FC-E6E2-4786-A11D-DF3341A234D4}"
EndProject
Global
	GlobalSection(SolutionConfigurationPlatforms) = preSolution
		Debug|Any CPU = Debug|Any CPU
		Release|Any CPU = Release|Any CPU
	EndGlobalSection
	GlobalSection(ProjectConfigurationPlatforms) = postSolution
		{5BE943FC-E6E2-4786-A11D-DF3341A234D4}.Debug|Any CPU.ActiveCfg = Debug|Any CPU
		{5BE943FC-E6E2-4786-A11D-DF3341A234D4}.Debug|Any CPU.Build.0 = Debug|Any CPU
		{5BE943FC-E6E2-4786-A11D-DF3341A234D4}.Release|Any CPU.ActiveCfg = Release|Any CPU
		{5BE943FC-E6E2-4786-A11D-DF3341A234D4}.Release|Any CPU.Build.0 = Release|Any CPU
	EndGlobalSection
	GlobalSection(SolutionProperties) = preSolution
		HideSolutionNode = FALSE
	EndGlobalSection
	GlobalSection(NestedProjects) = preSolution
		{5BE943FC-E6E2-4786-A11D-DF3341A234D4} = {86264579-B078-406F-8509-6CBD3D99B460}
	EndGlobalSection
	GlobalSection(ExtensibilityGlobals) = postSolution
		SolutionGuid = {C7956D38-AAA0-4C23-906C-9F19CD323921}
	EndGlobalSection
EndGlobal
